
Microsoft Visual Studio Solution File, Format Version 12.00
# Visual Studio Version 17
VisualStudioVersion = 17.4.33110.190
MinimumVisualStudioVersion = 10.0.40219.1
Project("{FAE04EC0-301F-11D3-BF4B-00C04F79EFBC}") = "NGD_Project_App", "NGD_Project_App.csproj", "{EEB8B0F0-50DB-4886-818E-F4856B4DF172}"
EndProject
Global
	GlobalSection(SolutionConfigurationPlatforms) = preSolution
		Debug|arm64 = Debug|arm64
		Debug|x64 = Debug|x64
		Debug|x86 = Debug|x86
		Release|arm64 = Release|arm64
		Release|x64 = Release|x64
		Release|x86 = Release|x86
	EndGlobalSection
	GlobalSection(ProjectConfigurationPlatforms) = postSolution
		{EEB8B0F0-50DB-4886-818E-F4856B4DF172}.Debug|arm64.ActiveCfg = Debug|arm64
		{EEB8B0F0-50DB-4886-818E-F4856B4DF172}.Debug|arm64.Build.0 = Debug|arm64
		{EEB8B0F0-50DB-4886-818E-F4856B4DF172}.Debug|arm64.Deploy.0 = Debug|arm64
		{EEB8B0F0-50DB-4886-818E-F4856B4DF172}.Debug|x64.ActiveCfg = Debug|x64
		{EEB8B0F0-50DB-4886-818E-F4856B4DF172}.Debug|x64.Build.0 = Debug|x64
		{EEB8B0F0-50DB-4886-818E-F4856B4DF172}.Debug|x64.Deploy.0 = Debug|x64
		{EEB8B0F0-50DB-4886-818E-F4856B4DF172}.Debug|x86.ActiveCfg = Debug|x86
		{EEB8B0F0-50DB-4886-818E-F4856B4DF172}.Debug|x86.Build.0 = Debug|x86
		{EEB8B0F0-50DB-4886-818E-F4856B4DF172}.Debug|x86.Deploy.0 = Debug|x86
		{EEB8B0F0-50DB-4886-818E-F4856B4DF172}.Release|arm64.ActiveCfg = Release|arm64
		{EEB8B0F0-50DB-4886-818E-F4856B4DF172}.Release|arm64.Build.0 = Release|arm64
		{EEB8B0F0-50DB-4886-818E-F4856B4DF172}.Release|arm64.Deploy.0 = Release|arm64
		{EEB8B0F0-50DB-4886-818E-F4856B4DF172}.Release|x64.ActiveCfg = Release|x64
		{EEB8B0F0-50DB-4886-818E-F4856B4DF172}.Release|x64.Build.0 = Release|x64
		{EEB8B0F0-50DB-4886-818E-F4856B4DF172}.Release|x64.Deploy.0 = Release|x64
		{EEB8B0F0-50DB-4886-818E-F4856B4DF172}.Release|x86.ActiveCfg = Release|x86
		{EEB8B0F0-50DB-4886-818E-F4856B4DF172}.Release|x86.Build.0 = Release|x86
		{EEB8B0F0-50DB-4886-818E-F4856B4DF172}.Release|x86.Deploy.0 = Release|x86
	EndGlobalSection
	GlobalSection(SolutionProperties) = preSolution
		HideSolutionNode = FALSE
	EndGlobalSection
	GlobalSection(ExtensibilityGlobals) = postSolution
		SolutionGuid = {A2F18055-321A-46E9-AE3A-D01ACC07006D}
	EndGlobalSection
EndGlobal
